
Microsoft Visual Studio Solution File, Format Version 12.00
# Visual Studio Version 17
VisualStudioVersion = 17.1.32319.34
MinimumVisualStudioVersion = 10.0.40219.1
Project("{FAE04EC0-301F-11D3-BF4B-00C04F79EFBC}") = "PobreTITO", "PobreTITO.csproj", "{2ECB606A-E686-4BCF-BDDF-59699A9AE5F0}"
EndProject
Global
	GlobalSection(SolutionConfigurationPlatforms) = preSolution
		Debug|Any CPU = Debug|Any CPU
		Release|Any CPU = Release|Any CPU
	EndGlobalSection
	GlobalSection(ProjectConfigurationPlatforms) = postSolution
		{2ECB606A-E686-4BCF-BDDF-59699A9AE5F0}.Debug|Any CPU.ActiveCfg = Debug|Any CPU
		{2ECB606A-E686-4BCF-BDDF-59699A9AE5F0}.Debug|Any CPU.Build.0 = Debug|Any CPU
		{2ECB606A-E686-4BCF-BDDF-59699A9AE5F0}.Release|Any CPU.ActiveCfg = Release|Any CPU
		{2ECB606A-E686-4BCF-BDDF-59699A9AE5F0}.Release|Any CPU.Build.0 = Release|Any CPU
	EndGlobalSection
	GlobalSection(SolutionProperties) = preSolution
		HideSolutionNode = FALSE
	EndGlobalSection
	GlobalSection(ExtensibilityGlobals) = postSolution
		SolutionGuid = {0345FCE7-AE13-4469-82F6-0B088AE3BA6F}
	EndGlobalSection
EndGlobal
